
Microsoft Visual Studio Solution File, Format Version 12.00
# Visual Studio Version 17
VisualStudioVersion = 17.11.35327.3
MinimumVisualStudioVersion = 10.0.40219.1
Project("{FAE04EC0-301F-11D3-BF4B-00C04F79EFBC}") = "SoftwareFB_DISTRIBUIDORA", "SoftwareFB_DISTRIBUIDORA.csproj", "{23CAE29A-D9C9-4627-A445-D76898659232}"
EndProject
Global
	GlobalSection(SolutionConfigurationPlatforms) = preSolution
		Debug|Any CPU = Debug|Any CPU
		Release|Any CPU = Release|Any CPU
	EndGlobalSection
	GlobalSection(ProjectConfigurationPlatforms) = postSolution
		{23CAE29A-D9C9-4627-A445-D76898659232}.Debug|Any CPU.ActiveCfg = Debug|Any CPU
		{23CAE29A-D9C9-4627-A445-D76898659232}.Debug|Any CPU.Build.0 = Debug|Any CPU
		{23CAE29A-D9C9-4627-A445-D76898659232}.Release|Any CPU.ActiveCfg = Release|Any CPU
		{23CAE29A-D9C9-4627-A445-D76898659232}.Release|Any CPU.Build.0 = Release|Any CPU
	EndGlobalSection
	GlobalSection(SolutionProperties) = preSolution
		HideSolutionNode = FALSE
	EndGlobalSection
	GlobalSection(ExtensibilityGlobals) = postSolution
		SolutionGuid = {24C777B4-AEE9-4187-AEE1-66301297A9F3}
	EndGlobalSection
EndGlobal
